{
  "name": "@dillonchr/bookmancy",
  "version": "2.0.1",
  "lockfileVersion": 1,
  "requires": true,
  "dependencies": {
    "@dillonchr/domget": {
      "version": "1.0.0",
      "resolved": "https://registry.npmjs.org/@dillonchr/domget/-/domget-1.0.0.tgz",
      "integrity": "sha1-tFjsKp5ptjiqWmN2pFStXeRpFqE=",
      "requires": {
        "node-html-parser": "1.1.6"
      }
    },
    "async": {
      "version": "2.6.1",
      "resolved": "https://registry.npmjs.org/async/-/async-2.6.1.tgz",
      "integrity": "sha1-skWiPKcZMAROxT+kaqAKPofGphA=",
      "requires": {
        "lodash": "4.17.10"
      }
    },
    "he": {
      "version": "1.1.1",
      "resolved": "https://registry.npmjs.org/he/-/he-1.1.1.tgz",
      "integrity": "sha1-k0EP0hsAlzUVH4howvJx80J+I/0="
    },
    "lodash": {
      "version": "4.17.10",
      "resolved": "https://registry.npmjs.org/lodash/-/lodash-4.17.10.tgz",
      "integrity": "sha1-G3eTz3JZ6jj7NmHU04syYK+K5Oc="
    },
    "node-html-parser": {
      "version": "1.1.6",
      "resolved": "https://registry.npmjs.org/node-html-parser/-/node-html-parser-1.1.6.tgz",
      "integrity": "sha1-kyUZRilWrtNt5wfH8zs59wUaz7Q=",
      "requires": {
        "he": "1.1.1"
      }
    }
  }
}
