# THIS IS AN AUTOGENERATED FILE. DO NOT EDIT THIS FILE DIRECTLY.
# yarn lockfile v1


"@dillonchr/domget@^1.0.0":
  version "1.0.0"
  resolved "https://registry.yarnpkg.com/@dillonchr/domget/-/domget-1.0.0.tgz#b458ec2a9e69b638aa5a6376a454ad5de46916a1"
  integrity sha512-XkDheLrQSjTMPUaT9Jags1CK8ZgyOkSvrwBTKaXzNDKSrbddlzamVOTNaEWe5vn+JMGmIILe+5RH24Sxj6U6XA==
  dependencies:
    node-html-parser "^1.1.6"

"@dillonchr/fetch@^1.0.1":
  version "1.0.1"
  resolved "https://registry.yarnpkg.com/@dillonchr/fetch/-/fetch-1.0.1.tgz#eb943bc6a02dbe165775567d7b693c78a774cb09"
  integrity sha512-p6uHr19b5Sd4x6rImkU1285Q/fWo/QgamYDlVd1i6I7zJbYO/76wnRel9KcuJcGacyaR5Xw7MPy2GvVnB+HpNw==

async@^2.6.1:
  version "2.6.3"
  resolved "https://registry.yarnpkg.com/async/-/async-2.6.3.tgz#d72625e2344a3656e3a3ad4fa749fa83299d82ff"
  integrity sha512-zflvls11DCy+dQWzTW2dzuilv8Z5X/pjfmZOWba6TNIVDm+2UDaJmXSOXlasHKfNBs8oo3M0aT50fDEWfKZjXg==
  dependencies:
    lodash "^4.17.14"

he@1.1.1:
  version "1.1.1"
  resolved "https://registry.yarnpkg.com/he/-/he-1.1.1.tgz#93410fd21b009735151f8868c2f271f3427e23fd"
  integrity sha1-k0EP0hsAlzUVH4howvJx80J+I/0=

lodash@^4.17.14:
  version "4.17.15"
  resolved "https://registry.yarnpkg.com/lodash/-/lodash-4.17.15.tgz#b447f6670a0455bbfeedd11392eff330ea097548"
  integrity sha512-8xOcRHvCjnocdS5cpwXQXVzmmh5e5+saE2QGoeQmbKmRS6J3VQppPOIt0MnmE+4xlZoumy0GPG0D0MVIQbNA1A==

node-html-parser@^1.1.6:
  version "1.1.16"
  resolved "https://registry.yarnpkg.com/node-html-parser/-/node-html-parser-1.1.16.tgz#59f072bcabf1cf6e23f7878a76e0c3b81b9194fa"
  integrity sha512-cfqTZIYDdp5cGh3NvCD5dcEDP7hfyni7WgyFacmDynLlIZaF3GVlRk8yMARhWp/PobWt1KaCV8VKdP5LKWiVbg==
  dependencies:
    he "1.1.1"
